
Microsoft Visual Studio Solution File, Format Version 12.00
# Visual Studio Version 16
VisualStudioVersion = 16.0.31624.102
MinimumVisualStudioVersion = 10.0.40219.1
Project("{FAE04EC0-301F-11D3-BF4B-00C04F79EFBC}") = "Paint App", "Paint App.csproj", "{617BEE43-2759-4889-94FB-E289B52BE3CA}"
EndProject
Global
	GlobalSection(SolutionConfigurationPlatforms) = preSolution
		Debug|Any CPU = Debug|Any CPU
		Release|Any CPU = Release|Any CPU
	EndGlobalSection
	GlobalSection(ProjectConfigurationPlatforms) = postSolution
		{617BEE43-2759-4889-94FB-E289B52BE3CA}.Debug|Any CPU.ActiveCfg = Debug|Any CPU
		{617BEE43-2759-4889-94FB-E289B52BE3CA}.Debug|Any CPU.Build.0 = Debug|Any CPU
		{617BEE43-2759-4889-94FB-E289B52BE3CA}.Release|Any CPU.ActiveCfg = Release|Any CPU
		{617BEE43-2759-4889-94FB-E289B52BE3CA}.Release|Any CPU.Build.0 = Release|Any CPU
	EndGlobalSection
	GlobalSection(SolutionProperties) = preSolution
		HideSolutionNode = FALSE
	EndGlobalSection
	GlobalSection(ExtensibilityGlobals) = postSolution
		SolutionGuid = {8C507828-5E44-489A-830C-78B7EE824840}
	EndGlobalSection
EndGlobal
